
Microsoft Visual Studio Solution File, Format Version 12.00
# Visual Studio 15
VisualStudioVersion = 15.0.28307.489
MinimumVisualStudioVersion = 10.0.40219.1
Project("{FAE04EC0-301F-11D3-BF4B-00C04F79EFBC}") = "TwentyOne", "TwentyOne\TwentyOne.csproj", "{2A55ECE7-8FCF-4B22-AA76-7602271D042B}"
EndProject
Global
	GlobalSection(SolutionConfigurationPlatforms) = preSolution
		Debug|Any CPU = Debug|Any CPU
		Release|Any CPU = Release|Any CPU
	EndGlobalSection
	GlobalSection(ProjectConfigurationPlatforms) = postSolution
		{2A55ECE7-8FCF-4B22-AA76-7602271D042B}.Debug|Any CPU.ActiveCfg = Debug|Any CPU
		{2A55ECE7-8FCF-4B22-AA76-7602271D042B}.Debug|Any CPU.Build.0 = Debug|Any CPU
		{2A55ECE7-8FCF-4B22-AA76-7602271D042B}.Release|Any CPU.ActiveCfg = Release|Any CPU
		{2A55ECE7-8FCF-4B22-AA76-7602271D042B}.Release|Any CPU.Build.0 = Release|Any CPU
	EndGlobalSection
	GlobalSection(SolutionProperties) = preSolution
		HideSolutionNode = FALSE
	EndGlobalSection
	GlobalSection(ExtensibilityGlobals) = postSolution
		SolutionGuid = {B6880387-2674-4278-AD9D-172C8C24FA69}
	EndGlobalSection
EndGlobal
